{
  "name": "pdz-client-cocos",
  "version": "1.0.0",
  "lockfileVersion": 1,
  "requires": true,
  "dependencies": {
    "@types/lodash": {
      "version": "4.14.170",
      "resolved": "https://registry.npmjs.org/@types/lodash/-/lodash-4.14.170.tgz",
      "integrity": "sha512-bpcvu/MKHHeYX+qeEN8GE7DIravODWdACVA1ctevD8CN24RhPZIKMn9ntfAsrvLfSX3cR5RrBKAbYm9bGs0A+Q=="
    },
    "lodash": {
      "version": "4.17.21",
      "resolved": "https://registry.npmjs.org/lodash/-/lodash-4.17.21.tgz",
      "integrity": "sha512-v2kDEe57lecTulaDIuNTPy3Ry4gLGJ6Z1O3vE1krgXZNrsQ+LFTGHVxVjcXPs17LhbZVGedAJv8XZ1tvj5FvSg=="
    },
    "namwaa-pdz-sdk": {
      "version": "1.1.2",
      "resolved": "https://registry.npmjs.org/namwaa-pdz-sdk/-/namwaa-pdz-sdk-1.1.2.tgz",
      "integrity": "sha512-lOGIA0SjT6X0MZAlbhpA77JqRHMbxDwerq7e7/OiM0H5P5Md0jib8/IzozSKVTj6ph6EP3QxRwAf0SNEs69xZw==",
      "requires": {
        "@types/lodash": "^4.14.136",
        "lodash": "^4.17.15"
      }
    }
  }
}
